// !$*UTF8*$!
{
	archiveVersion = 1;
	classes = {
	};
	objectVersion = 46;
	objects = {

/* Begin PBXBuildFile section */
		C0D7A59A1DFC94BA009CA367 /* AppDelegate.swift in Sources */ = {isa = PBXBuildFile; fileRef = C0D7A5991DFC94BA009CA367 /* AppDelegate.swift */; };
		C0D7A59C1DFC94BA009CA367 /* ViewController.swift in Sources */ = {isa = PBXBuildFile; fileRef = C0D7A59B1DFC94BA009CA367 /* ViewController.swift */; };
		C0D7A59F1DFC94BA009CA367 /* Main.storyboard in Resources */ = {isa = PBXBuildFile; fileRef = C0D7A59D1DFC94BA009CA367 /* Main.storyboard */; };
		C0D7A5A11DFC94BA009CA367 /* Assets.xcassets in Resources */ = {isa = PBXBuildFile; fileRef = C0D7A5A01DFC94BA009CA367 /* Assets.xcassets */; };
		C0D7A5A41DFC94BA009CA367 /* LaunchScreen.storyboard in Resources */ = {isa = PBXBuildFile; fileRef = C0D7A5A21DFC94BA009CA367 /* LaunchScreen.storyboard */; };
		C0D7A5AF1DFC94BA009CA367 /* PolitiaRomanaPetitiiTests.swift in Sources */ = {isa = PBXBuildFile; fileRef = C0D7A5AE1DFC94BA009CA367 /* PolitiaRomanaPetitiiTests.swift */; };
		C0D7A5BA1DFC94BA009CA367 /* PolitiaRomanaPetitiiUITests.swift in Sources */ = {isa = PBXBuildFile; fileRef = C0D7A5B91DFC94BA009CA367 /* PolitiaRomanaPetitiiUITests.swift */; };
/* End PBXBuildFile section */

/* Begin PBXContainerItemProxy section */
		C0D7A5AB1DFC94BA009CA367 /* PBXContainerItemProxy */ = {
			isa = PBXContainerItemProxy;
			containerPortal = C0D7A58E1DFC94BA009CA367 /* Project object */;
			proxyType = 1;
			remoteGlobalIDString = C0D7A5951DFC94BA009CA367;
			remoteInfo = PolitiaRomanaPetitii;
		};
		C0D7A5B61DFC94BA009CA367 /* PBXContainerItemProxy */ = {
			isa = PBXContainerItemProxy;
			containerPortal = C0D7A58E1DFC94BA009CA367 /* Project object */;
			proxyType = 1;
			remoteGlobalIDString = C0D7A5951DFC94BA009CA367;
			remoteInfo = PolitiaRomanaPetitii;
		};
/* End PBXContainerItemProxy section */

/* Begin PBXFileReference section */
		C0D7A5961DFC94BA009CA367 /* PolitiaRomanaPetitii.app */ = {isa = PBXFileReference; explicitFileType = wrapper.application; includeInIndex = 0; path = PolitiaRomanaPetitii.app; sourceTree = BUILT_PRODUCTS_DIR; };
		C0D7A5991DFC94BA009CA367 /* AppDelegate.swift */ = {isa = PBXFileReference; lastKnownFileType = sourcecode.swift; path = AppDelegate.swift; sourceTree = "<group>"; };
		C0D7A59B1DFC94BA009CA367 /* ViewController.swift */ = {isa = PBXFileReference; lastKnownFileType = sourcecode.swift; path = ViewController.swift; sourceTree = "<group>"; };
		C0D7A59E1DFC94BA009CA367 /* Base */ = {isa = PBXFileReference; lastKnownFileType = file.storyboard; name = Base; path = Base.lproj/Main.storyboard; sourceTree = "<group>"; };
		C0D7A5A01DFC94BA009CA367 /* Assets.xcassets */ = {isa = PBXFileReference; lastKnownFileType = folder.assetcatalog; path = Assets.xcassets; sourceTree = "<group>"; };
		C0D7A5A31DFC94BA009CA367 /* Base */ = {isa = PBXFileReference; lastKnownFileType = file.storyboard; name = Base; path = Base.lproj/LaunchScreen.storyboard; sourceTree = "<group>"; };
		C0D7A5A51DFC94BA009CA367 /* Info.plist */ = {isa = PBXFileReference; lastKnownFileType = text.plist.xml; path = Info.plist; sourceTree = "<group>"; };
		C0D7A5AA1DFC94BA009CA367 /* PolitiaRomanaPetitiiTests.xctest */ = {isa = PBXFileReference; explicitFileType = wrapper.cfbundle; includeInIndex = 0; path = PolitiaRomanaPetitiiTests.xctest; sourceTree = BUILT_PRODUCTS_DIR; };
		C0D7A5AE1DFC94BA009CA367 /* PolitiaRomanaPetitiiTests.swift */ = {isa = PBXFileReference; lastKnownFileType = sourcecode.swift; path = PolitiaRomanaPetitiiTests.swift; sourceTree = "<group>"; };
		C0D7A5B01DFC94BA009CA367 /* Info.plist */ = {isa = PBXFileReference; lastKnownFileType = text.plist.xml; path = Info.plist; sourceTree = "<group>"; };
		C0D7A5B51DFC94BA009CA367 /* PolitiaRomanaPetitiiUITests.xctest */ = {isa = PBXFileReference; explicitFileType = wrapper.cfbundle; includeInIndex = 0; path = PolitiaRomanaPetitiiUITests.xctest; sourceTree = BUILT_PRODUCTS_DIR; };
		C0D7A5B91DFC94BA009CA367 /* PolitiaRomanaPetitiiUITests.swift */ = {isa = PBXFileReference; lastKnownFileType = sourcecode.swift; path = PolitiaRomanaPetitiiUITests.swift; sourceTree = "<group>"; };
		C0D7A5BB1DFC94BA009CA367 /* Info.plist */ = {isa = PBXFileReference; lastKnownFileType = text.plist.xml; path = Info.plist; sourceTree = "<group>"; };
/* End PBXFileReference section */

/* Begin PBXFrameworksBuildPhase section */
		C0D7A5931DFC94BA009CA367 /* Frameworks */ = {
			isa = PBXFrameworksBuildPhase;
			buildActionMask = 2147483647;
			files = (
			);
			runOnlyForDeploymentPostprocessing = 0;
		};
		C0D7A5A71DFC94BA009CA367 /* Frameworks */ = {
			isa = PBXFrameworksBuildPhase;
			buildActionMask = 2147483647;
			files = (
			);
			runOnlyForDeploymentPostprocessing = 0;
		};
		C0D7A5B21DFC94BA009CA367 /* Frameworks */ = {
			isa = PBXFrameworksBuildPhase;
			buildActionMask = 2147483647;
			files = (
			);
			runOnlyForDeploymentPostprocessing = 0;
		};
/* End PBXFrameworksBuildPhase section */

/* Begin PBXGroup section */
		C0D7A58D1DFC94BA009CA367 = {
			isa = PBXGroup;
			children = (
				C0D7A5981DFC94BA009CA367 /* PolitiaRomanaPetitii */,
				C0D7A5AD1DFC94BA009CA367 /* PolitiaRomanaPetitiiTests */,
				C0D7A5B81DFC94BA009CA367 /* PolitiaRomanaPetitiiUITests */,
				C0D7A5971DFC94BA009CA367 /* Products */,
			);
			sourceTree = "<group>";
		};
		C0D7A5971DFC94BA009CA367 /* Products */ = {
			isa = PBXGroup;
			children = (
				C0D7A5961DFC94BA009CA367 /* PolitiaRomanaPetitii.app */,
				C0D7A5AA1DFC94BA009CA367 /* PolitiaRomanaPetitiiTests.xctest */,
				C0D7A5B51DFC94BA009CA367 /* PolitiaRomanaPetitiiUITests.xctest */,
			);
			name = Products;
			sourceTree = "<group>";
		};
		C0D7A5981DFC94BA009CA367 /* PolitiaRomanaPetitii */ = {
			isa = PBXGroup;
			children = (
				C0D7A5991DFC94BA009CA367 /* AppDelegate.swift */,
				C0D7A59B1DFC94BA009CA367 /* ViewController.swift */,
				C0D7A59D1DFC94BA009CA367 /* Main.storyboard */,
				C0D7A5A01DFC94BA009CA367 /* Assets.xcassets */,
				C0D7A5A21DFC94BA009CA367 /* LaunchScreen.storyboard */,
				C0D7A5A51DFC94BA009CA367 /* Info.plist */,
			);
			path = PolitiaRomanaPetitii;
			sourceTree = "<group>";
		};
		C0D7A5AD1DFC94BA009CA367 /* PolitiaRomanaPetitiiTests */ = {
			isa = PBXGroup;
			children = (
				C0D7A5AE1DFC94BA009CA367 /* PolitiaRomanaPetitiiTests.swift */,
				C0D7A5B01DFC94BA009CA367 /* Info.plist */,
			);
			path = PolitiaRomanaPetitiiTests;
			sourceTree = "<group>";
		};
		C0D7A5B81DFC94BA009CA367 /* PolitiaRomanaPetitiiUITests */ = {
			isa = PBXGroup;
			children = (
				C0D7A5B91DFC94BA009CA367 /* PolitiaRomanaPetitiiUITests.swift */,
				C0D7A5BB1DFC94BA009CA367 /* Info.plist */,
			);
			path = PolitiaRomanaPetitiiUITests;
			sourceTree = "<group>";
		};
/* End PBXGroup section */

/* Begin PBXNativeTarget section */
		C0D7A5951DFC94BA009CA367 /* PolitiaRomanaPetitii */ = {
			isa = PBXNativeTarget;
			buildConfigurationList = C0D7A5BE1DFC94BA009CA367 /* Build configuration list for PBXNativeTarget "PolitiaRomanaPetitii" */;
			buildPhases = (
				C0D7A5921DFC94BA009CA367 /* Sources */,
				C0D7A5931DFC94BA009CA367 /* Frameworks */,
				C0D7A5941DFC94BA009CA367 /* Resources */,
			);
			buildRules = (
			);
			dependencies = (
			);
			name = PolitiaRomanaPetitii;
			productName = PolitiaRomanaPetitii;
			productReference = C0D7A5961DFC94BA009CA367 /* PolitiaRomanaPetitii.app */;
			productType = "com.apple.product-type.application";
		};
		C0D7A5A91DFC94BA009CA367 /* PolitiaRomanaPetitiiTests */ = {
			isa = PBXNativeTarget;
			buildConfigurationList = C0D7A5C11DFC94BA009CA367 /* Build configuration list for PBXNativeTarget "PolitiaRomanaPetitiiTests" */;
			buildPhases = (
				C0D7A5A61DFC94BA009CA367 /* Sources */,
				C0D7A5A71DFC94BA009CA367 /* Frameworks */,
				C0D7A5A81DFC94BA009CA367 /* Resources */,
			);
			buildRules = (
			);
			dependencies = (
				C0D7A5AC1DFC94BA009CA367 /* PBXTargetDependency */,
			);
			name = PolitiaRomanaPetitiiTests;
			productName = PolitiaRomanaPetitiiTests;
			productReference = C0D7A5AA1DFC94BA009CA367 /* PolitiaRomanaPetitiiTests.xctest */;
			productType = "com.apple.product-type.bundle.unit-test";
		};
		C0D7A5B41DFC94BA009CA367 /* PolitiaRomanaPetitiiUITests */ = {
			isa = PBXNativeTarget;
			buildConfigurationList = C0D7A5C41DFC94BA009CA367 /* Build configuration list for PBXNativeTarget "PolitiaRomanaPetitiiUITests" */;
			buildPhases = (
				C0D7A5B11DFC94BA009CA367 /* Sources */,
				C0D7A5B21DFC94BA009CA367 /* Frameworks */,
				C0D7A5B31DFC94BA009CA367 /* Resources */,
			);
			buildRules = (
			);
			dependencies = (
				C0D7A5B71DFC94BA009CA367 /* PBXTargetDependency */,
			);
			name = PolitiaRomanaPetitiiUITests;
			productName = PolitiaRomanaPetitiiUITests;
			productReference = C0D7A5B51DFC94BA009CA367 /* PolitiaRomanaPetitiiUITests.xctest */;
			productType = "com.apple.product-type.bundle.ui-testing";
		};
/* End PBXNativeTarget section */

/* Begin PBXProject section */
		C0D7A58E1DFC94BA009CA367 /* Project object */ = {
			isa = PBXProject;
			attributes = {
				LastSwiftUpdateCheck = 0730;
				LastUpgradeCheck = 0730;
				ORGANIZATIONNAME = GovITHub;
				TargetAttributes = {
					C0D7A5951DFC94BA009CA367 = {
						CreatedOnToolsVersion = 7.3.1;
					};
					C0D7A5A91DFC94BA009CA367 = {
						CreatedOnToolsVersion = 7.3.1;
						TestTargetID = C0D7A5951DFC94BA009CA367;
					};
					C0D7A5B41DFC94BA009CA367 = {
						CreatedOnToolsVersion = 7.3.1;
						TestTargetID = C0D7A5951DFC94BA009CA367;
					};
				};
			};
			buildConfigurationList = C0D7A5911DFC94BA009CA367 /* Build configuration list for PBXProject "PolitiaRomanaPetitii" */;
			compatibilityVersion = "Xcode 3.2";
			developmentRegion = English;
			hasScannedForEncodings = 0;
			knownRegions = (
				en,
				Base,
			);
			mainGroup = C0D7A58D1DFC94BA009CA367;
			productRefGroup = C0D7A5971DFC94BA009CA367 /* Products */;
			projectDirPath = "";
			projectRoot = "";
			targets = (
				C0D7A5951DFC94BA009CA367 /* PolitiaRomanaPetitii */,
				C0D7A5A91DFC94BA009CA367 /* PolitiaRomanaPetitiiTests */,
				C0D7A5B41DFC94BA009CA367 /* PolitiaRomanaPetitiiUITests */,
			);
		};
/* End PBXProject section */

/* Begin PBXResourcesBuildPhase section */
		C0D7A5941DFC94BA009CA367 /* Resources */ = {
			isa = PBXResourcesBuildPhase;
			buildActionMask = 2147483647;
			files = (
				C0D7A5A41DFC94BA009CA367 /* LaunchScreen.storyboard in Resources */,
				C0D7A5A11DFC94BA009CA367 /* Assets.xcassets in Resources */,
				C0D7A59F1DFC94BA009CA367 /* Main.storyboard in Resources */,
			);
			runOnlyForDeploymentPostprocessing = 0;
		};
		C0D7A5A81DFC94BA009CA367 /* Resources */ = {
			isa = PBXResourcesBuildPhase;
			buildActionMask = 2147483647;
			files = (
			);
			runOnlyForDeploymentPostprocessing = 0;
		};
		C0D7A5B31DFC94BA009CA367 /* Resources */ = {
			isa = PBXResourcesBuildPhase;
			buildActionMask = 2147483647;
			files = (
			);
			runOnlyForDeploymentPostprocessing = 0;
		};
/* End PBXResourcesBuildPhase section */

/* Begin PBXSourcesBuildPhase section */
		C0D7A5921DFC94BA009CA367 /* Sources */ = {
			isa = PBXSourcesBuildPhase;
			buildActionMask = 2147483647;
			files = (
				C0D7A59C1DFC94BA009CA367 /* ViewController.swift in Sources */,
				C0D7A59A1DFC94BA009CA367 /* AppDelegate.swift in Sources */,
			);
			runOnlyForDeploymentPostprocessing = 0;
		};
		C0D7A5A61DFC94BA009CA367 /* Sources */ = {
			isa = PBXSourcesBuildPhase;
			buildActionMask = 2147483647;
			files = (
				C0D7A5AF1DFC94BA009CA367 /* PolitiaRomanaPetitiiTests.swift in Sources */,
			);
			runOnlyForDeploymentPostprocessing = 0;
		};
		C0D7A5B11DFC94BA009CA367 /* Sources */ = {
			isa = PBXSourcesBuildPhase;
			buildActionMask = 2147483647;
			files = (
				C0D7A5BA1DFC94BA009CA367 /* PolitiaRomanaPetitiiUITests.swift in Sources */,
			);
			runOnlyForDeploymentPostprocessing = 0;
		};
/* End PBXSourcesBuildPhase section */

/* Begin PBXTargetDependency section */
		C0D7A5AC1DFC94BA009CA367 /* PBXTargetDependency */ = {
			isa = PBXTargetDependency;
			target = C0D7A5951DFC94BA009CA367 /* PolitiaRomanaPetitii */;
			targetProxy = C0D7A5AB1DFC94BA009CA367 /* PBXContainerItemProxy */;
		};
		C0D7A5B71DFC94BA009CA367 /* PBXTargetDependency */ = {
			isa = PBXTargetDependency;
			target = C0D7A5951DFC94BA009CA367 /* PolitiaRomanaPetitii */;
			targetProxy = C0D7A5B61DFC94BA009CA367 /* PBXContainerItemProxy */;
		};
/* End PBXTargetDependency section */

/* Begin PBXVariantGroup section */
		C0D7A59D1DFC94BA009CA367 /* Main.storyboard */ = {
			isa = PBXVariantGroup;
			children = (
				C0D7A59E1DFC94BA009CA367 /* Base */,
			);
			name = Main.storyboard;
			sourceTree = "<group>";
		};
		C0D7A5A21DFC94BA009CA367 /* LaunchScreen.storyboard */ = {
			isa = PBXVariantGroup;
			children = (
				C0D7A5A31DFC94BA009CA367 /* Base */,
			);
			name = LaunchScreen.storyboard;
			sourceTree = "<group>";
		};
/* End PBXVariantGroup section */

/* Begin XCBuildConfiguration section */
		C0D7A5BC1DFC94BA009CA367 /* Debug */ = {
			isa = XCBuildConfiguration;
			buildSettings = {
				ALWAYS_SEARCH_USER_PATHS = NO;
				CLANG_ANALYZER_NONNULL = YES;
				CLANG_CXX_LANGUAGE_STANDARD = "gnu++0x";
				CLANG_CXX_LIBRARY = "libc++";
				CLANG_ENABLE_MODULES = YES;
				CLANG_ENABLE_OBJC_ARC = YES;
				CLANG_WARN_BOOL_CONVERSION = YES;
				CLANG_WARN_CONSTANT_CONVERSION = YES;
				CLANG_WARN_DIRECT_OBJC_ISA_USAGE = YES_ERROR;
				CLANG_WARN_EMPTY_BODY = YES;
				CLANG_WARN_ENUM_CONVERSION = YES;
				CLANG_WARN_INT_CONVERSION = YES;
				CLANG_WARN_OBJC_ROOT_CLASS = YES_ERROR;
				CLANG_WARN_UNREACHABLE_CODE = YES;
				CLANG_WARN__DUPLICATE_METHOD_MATCH = YES;
				"CODE_SIGN_IDENTITY[sdk=iphoneos*]" = "iPhone Developer";
				COPY_PHASE_STRIP = NO;
				DEBUG_INFORMATION_FORMAT = dwarf;
				ENABLE_STRICT_OBJC_MSGSEND = YES;
				ENABLE_TESTABILITY = YES;
				GCC_C_LANGUAGE_STANDARD = gnu99;
				GCC_DYNAMIC_NO_PIC = NO;
				GCC_NO_COMMON_BLOCKS = YES;
				GCC_OPTIMIZATION_LEVEL = 0;
				GCC_PREPROCESSOR_DEFINITIONS = (
					"DEBUG=1",
					"$(inherited)",
				);
				GCC_WARN_64_TO_32_BIT_CONVERSION = YES;
				GCC_WARN_ABOUT_RETURN_TYPE = YES_ERROR;
				GCC_WARN_UNDECLARED_SELECTOR = YES;
				GCC_WARN_UNINITIALIZED_AUTOS = YES_AGGRESSIVE;
				GCC_WARN_UNUSED_FUNCTION = YES;
				GCC_WARN_UNUSED_VARIABLE = YES;
				IPHONEOS_DEPLOYMENT_TARGET = 9.3;
				MTL_ENABLE_DEBUG_INFO = YES;
				ONLY_ACTIVE_ARCH = YES;
				SDKROOT = iphoneos;
				SWIFT_OPTIMIZATION_LEVEL = "-Onone";
				TARGETED_DEVICE_FAMILY = "1,2";
			};
			name = Debug;
		};
		C0D7A5BD1DFC94BA009CA367 /* Release */ = {
			isa = XCBuildConfiguration;
			buildSettings = {
				ALWAYS_SEARCH_USER_PATHS = NO;
				CLANG_ANALYZER_NONNULL = YES;
				CLANG_CXX_LANGUAGE_STANDARD = "gnu++0x";
				CLANG_CXX_LIBRARY = "libc++";
				CLANG_ENABLE_MODULES = YES;
				CLANG_ENABLE_OBJC_ARC = YES;
				CLANG_WARN_BOOL_CONVERSION = YES;
				CLANG_WARN_CONSTANT_CONVERSION = YES;
				CLANG_WARN_DIRECT_OBJC_ISA_USAGE = YES_ERROR;
				CLANG_WARN_EMPTY_BODY = YES;
				CLANG_WARN_ENUM_CONVERSION = YES;
				CLANG_WARN_INT_CONVERSION = YES;
				CLANG_WARN_OBJC_ROOT_CLASS = YES_ERROR;
				CLANG_WARN_UNREACHABLE_CODE = YES;
				CLANG_WARN__DUPLICATE_METHOD_MATCH = YES;
				"CODE_SIGN_IDENTITY[sdk=iphoneos*]" = "iPhone Developer";
				COPY_PHASE_STRIP = NO;
				DEBUG_INFORMATION_FORMAT = "dwarf-with-dsym";
				ENABLE_NS_ASSERTIONS = NO;
				ENABLE_STRICT_OBJC_MSGSEND = YES;
				GCC_C_LANGUAGE_STANDARD = gnu99;
				GCC_NO_COMMON_BLOCKS = YES;
				GCC_WARN_64_TO_32_BIT_CONVERSION = YES;
				GCC_WARN_ABOUT_RETURN_TYPE = YES_ERROR;
				GCC_WARN_UNDECLARED_SELECTOR = YES;
				GCC_WARN_UNINITIALIZED_AUTOS = YES_AGGRESSIVE;
				GCC_WARN_UNUSED_FUNCTION = YES;
				GCC_WARN_UNUSED_VARIABLE = YES;
				IPHONEOS_DEPLOYMENT_TARGET = 9.3;
				MTL_ENABLE_DEBUG_INFO = NO;
				SDKROOT = iphoneos;
				TARGETED_DEVICE_FAMILY = "1,2";
				VALIDATE_PRODUCT = YES;
			};
			name = Release;
		};
		C0D7A5BF1DFC94BA009CA367 /* Debug */ = {
			isa = XCBuildConfiguration;
			buildSettings = {
				ASSETCATALOG_COMPILER_APPICON_NAME = AppIcon;
				INFOPLIST_FILE = PolitiaRomanaPetitii/Info.plist;
				LD_RUNPATH_SEARCH_PATHS = "$(inherited) @executable_path/Frameworks";
				PRODUCT_BUNDLE_IDENTIFIER = com.ileacristian.PolitiaRomanaPetitii;
				PRODUCT_NAME = "$(TARGET_NAME)";
			};
			name = Debug;
		};
		C0D7A5C01DFC94BA009CA367 /* Release */ = {
			isa = XCBuildConfiguration;
			buildSettings = {
				ASSETCATALOG_COMPILER_APPICON_NAME = AppIcon;
				INFOPLIST_FILE = PolitiaRomanaPetitii/Info.plist;
				LD_RUNPATH_SEARCH_PATHS = "$(inherited) @executable_path/Frameworks";
				PRODUCT_BUNDLE_IDENTIFIER = com.ileacristian.PolitiaRomanaPetitii;
				PRODUCT_NAME = "$(TARGET_NAME)";
			};
			name = Release;
		};
		C0D7A5C21DFC94BA009CA367 /* Debug */ = {
			isa = XCBuildConfiguration;
			buildSettings = {
				BUNDLE_LOADER = "$(TEST_HOST)";
				INFOPLIST_FILE = PolitiaRomanaPetitiiTests/Info.plist;
				LD_RUNPATH_SEARCH_PATHS = "$(inherited) @executable_path/Frameworks @loader_path/Frameworks";
				PRODUCT_BUNDLE_IDENTIFIER = com.ileacristian.PolitiaRomanaPetitiiTests;
				PRODUCT_NAME = "$(TARGET_NAME)";
				TEST_HOST = "$(BUILT_PRODUCTS_DIR)/PolitiaRomanaPetitii.app/PolitiaRomanaPetitii";
			};
			name = Debug;
		};
		C0D7A5C31DFC94BA009CA367 /* Release */ = {
			isa = XCBuildConfiguration;
			buildSettings = {
				BUNDLE_LOADER = "$(TEST_HOST)";
				INFOPLIST_FILE = PolitiaRomanaPetitiiTests/Info.plist;
				LD_RUNPATH_SEARCH_PATHS = "$(inherited) @executable_path/Frameworks @loader_path/Frameworks";
				PRODUCT_BUNDLE_IDENTIFIER = com.ileacristian.PolitiaRomanaPetitiiTests;
				PRODUCT_NAME = "$(TARGET_NAME)";
				TEST_HOST = "$(BUILT_PRODUCTS_DIR)/PolitiaRomanaPetitii.app/PolitiaRomanaPetitii";
			};
			name = Release;
		};
		C0D7A5C51DFC94BA009CA367 /* Debug */ = {
			isa = XCBuildConfiguration;
			buildSettings = {
				INFOPLIST_FILE = PolitiaRomanaPetitiiUITests/Info.plist;
				LD_RUNPATH_SEARCH_PATHS = "$(inherited) @executable_path/Frameworks @loader_path/Frameworks";
				PRODUCT_BUNDLE_IDENTIFIER = com.ileacristian.PolitiaRomanaPetitiiUITests;
				PRODUCT_NAME = "$(TARGET_NAME)";
				TEST_TARGET_NAME = PolitiaRomanaPetitii;
			};
			name = Debug;
		};
		C0D7A5C61DFC94BA009CA367 /* Release */ = {
			isa = XCBuildConfiguration;
			buildSettings = {
				INFOPLIST_FILE = PolitiaRomanaPetitiiUITests/Info.plist;
				LD_RUNPATH_SEARCH_PATHS = "$(inherited) @executable_path/Frameworks @loader_path/Frameworks";
				PRODUCT_BUNDLE_IDENTIFIER = com.ileacristian.PolitiaRomanaPetitiiUITests;
				PRODUCT_NAME = "$(TARGET_NAME)";
				TEST_TARGET_NAME = PolitiaRomanaPetitii;
			};
			name = Release;
		};
/* End XCBuildConfiguration section */

/* Begin XCConfigurationList section */
		C0D7A5911DFC94BA009CA367 /* Build configuration list for PBXProject "PolitiaRomanaPetitii" */ = {
			isa = XCConfigurationList;
			buildConfigurations = (
				C0D7A5BC1DFC94BA009CA367 /* Debug */,
				C0D7A5BD1DFC94BA009CA367 /* Release */,
			);
			defaultConfigurationIsVisible = 0;
			defaultConfigurationName = Release;
		};
		C0D7A5BE1DFC94BA009CA367 /* Build configuration list for PBXNativeTarget "PolitiaRomanaPetitii" */ = {
			isa = XCConfigurationList;
			buildConfigurations = (
				C0D7A5BF1DFC94BA009CA367 /* Debug */,
				C0D7A5C01DFC94BA009CA367 /* Release */,
			);
			defaultConfigurationIsVisible = 0;
		};
		C0D7A5C11DFC94BA009CA367 /* Build configuration list for PBXNativeTarget "PolitiaRomanaPetitiiTests" */ = {
			isa = XCConfigurationList;
			buildConfigurations = (
				C0D7A5C21DFC94BA009CA367 /* Debug */,
				C0D7A5C31DFC94BA009CA367 /* Release */,
			);
			defaultConfigurationIsVisible = 0;
		};
		C0D7A5C41DFC94BA009CA367 /* Build configuration list for PBXNativeTarget "PolitiaRomanaPetitiiUITests" */ = {
			isa = XCConfigurationList;
			buildConfigurations = (
				C0D7A5C51DFC94BA009CA367 /* Debug */,
				C0D7A5C61DFC94BA009CA367 /* Release */,
			);
			defaultConfigurationIsVisible = 0;
		};
/* End XCConfigurationList section */
	};
	rootObject = C0D7A58E1DFC94BA009CA367 /* Project object */;
}
